
Microsoft Visual Studio Solution File, Format Version 12.00
# Visual Studio Version 17
VisualStudioVersion = 17.0.31903.59
MinimumVisualStudioVersion = 10.0.40219.1
Project("{2150E333-8FDC-42A3-9474-1A3956D46DE8}") = "src", "src", "{827E0CD3-B72D-47B6-A68D-7590B98EB39B}"
EndProject
Project("{FAE04EC0-301F-11D3-BF4B-00C04F79EFBC}") = "Littlefish.TransactionProcessor.ServiceDefaults", "src\Littlefish.TransactionProcessor.ServiceDefaults\Littlefish.TransactionProcessor.ServiceDefaults.csproj", "{3B43308B-7E78-4A29-BCD5-C33719718553}"
EndProject
Project("{FAE04EC0-301F-11D3-BF4B-00C04F79EFBC}") = "Transaction.Application.Constants", "src\Transaction.Application.Constants\Transaction.Application.Constants.csproj", "{CAD8CC12-0320-4E05-8113-2CDB49776F56}"
EndProject
Project("{FAE04EC0-301F-11D3-BF4B-00C04F79EFBC}") = "Transaction.Application.Handlers", "src\Transaction.Application.Handlers\Transaction.Application.Handlers.csproj", "{0EDD0B9F-9E54-4224-8FF4-FF712BA87AF2}"
EndProject
Project("{FAE04EC0-301F-11D3-BF4B-00C04F79EFBC}") = "Transaction.Application.Models", "src\Transaction.Application.Models\Transaction.Application.Models.csproj", "{53BF4716-90B3-479D-A7B7-22F6E1C7F91B}"
EndProject
Project("{FAE04EC0-301F-11D3-BF4B-00C04F79EFBC}") = "Transaction.Application.Validators", "src\Transaction.Application.Validators\Transaction.Application.Validators.csproj", "{963B37E9-E186-4C10-9839-0D3EF447DE33}"
EndProject
Project("{FAE04EC0-301F-11D3-BF4B-00C04F79EFBC}") = "Transaction.Domain.Commands", "src\Transaction.Domain.Commands\Transaction.Domain.Commands.csproj", "{CD6E202C-016D-4FD5-90C9-C8199CB93F95}"
EndProject
Project("{FAE04EC0-301F-11D3-BF4B-00C04F79EFBC}") = "Transaction.Domain.Entities", "src\Transaction.Domain.Entities\Transaction.Domain.Entities.csproj", "{C4DE28E7-6FF8-40F7-9FEF-D343ECEE2F5F}"
EndProject
Project("{FAE04EC0-301F-11D3-BF4B-00C04F79EFBC}") = "Transaction.Domain.Interfaces", "src\Transaction.Domain.Interfaces\Transaction.Domain.Interfaces.csproj", "{E767BA22-D05D-4A22-97E9-5E7F9CC3D6A2}"
EndProject
Project("{FAE04EC0-301F-11D3-BF4B-00C04F79EFBC}") = "Transaction.Domain.Observability", "src\Transaction.Domain.Observability\Transaction.Domain.Observability.csproj", "{6FD14562-08B8-4861-ADC1-FDF11C0694A2}"
EndProject
Project("{FAE04EC0-301F-11D3-BF4B-00C04F79EFBC}") = "Transaction.Domain.Rules", "src\Transaction.Domain.Rules\Transaction.Domain.Rules.csproj", "{29D1AB35-B4C6-4655-A3F2-57CE30C56BE3}"
EndProject
Project("{FAE04EC0-301F-11D3-BF4B-00C04F79EFBC}") = "Transaction.Infrastructure.Messaging", "src\Transaction.Infrastructure.Messaging\Transaction.Infrastructure.Messaging.csproj", "{E894ED9A-52F2-41DA-8944-40E382369FD5}"
EndProject
Project("{FAE04EC0-301F-11D3-BF4B-00C04F79EFBC}") = "Transaction.Infrastructure.Persistence", "src\Transaction.Infrastructure.Persistence\Transaction.Infrastructure.Persistence.csproj", "{EF84FB1C-6DC0-4AD6-9A49-D9919678056B}"
EndProject
Project("{FAE04EC0-301F-11D3-BF4B-00C04F79EFBC}") = "Transaction.Presentation.Api", "src\Transaction.Presentation.Api\Transaction.Presentation.Api.csproj", "{E319681A-F9FF-4E1D-B37C-2490D6D929F7}"
EndProject
Project("{FAE04EC0-301F-11D3-BF4B-00C04F79EFBC}") = "Transaction.Worker.Processor", "src\Transaction.Worker.Processor\Transaction.Worker.Processor.csproj", "{EAEE30E1-B819-4BCC-809E-E378095A559E}"
EndProject
Project("{FAE04EC0-301F-11D3-BF4B-00C04F79EFBC}") = "Transaction.Tests.Integration", "test\Transaction.Tests.Integration\Transaction.Tests.Integration.csproj", "{81420367-7725-40F0-A6B9-F9ED031E073E}"
EndProject
Project("{FAE04EC0-301F-11D3-BF4B-00C04F79EFBC}") = "Transaction.Tests.Unit", "test\Transaction.Tests.Unit\Transaction.Tests.Unit.csproj", "{461B84DA-8C67-4EDF-B60B-06B23767CF2A}"
EndProject
Global
	GlobalSection(SolutionConfigurationPlatforms) = preSolution
		Debug|Any CPU = Debug|Any CPU
		Debug|x64 = Debug|x64
		Debug|x86 = Debug|x86
		Release|Any CPU = Release|Any CPU
		Release|x64 = Release|x64
		Release|x86 = Release|x86
	EndGlobalSection
	GlobalSection(ProjectConfigurationPlatforms) = postSolution
		{3B43308B-7E78-4A29-BCD5-C33719718553}.Debug|Any CPU.ActiveCfg = Debug|Any CPU
		{3B43308B-7E78-4A29-BCD5-C33719718553}.Debug|Any CPU.Build.0 = Debug|Any CPU
		{3B43308B-7E78-4A29-BCD5-C33719718553}.Debug|x64.ActiveCfg = Debug|Any CPU
		{3B43308B-7E78-4A29-BCD5-C33719718553}.Debug|x64.Build.0 = Debug|Any CPU
		{3B43308B-7E78-4A29-BCD5-C33719718553}.Debug|x86.ActiveCfg = Debug|Any CPU
		{3B43308B-7E78-4A29-BCD5-C33719718553}.Debug|x86.Build.0 = Debug|Any CPU
		{3B43308B-7E78-4A29-BCD5-C33719718553}.Release|Any CPU.ActiveCfg = Release|Any CPU
		{3B43308B-7E78-4A29-BCD5-C33719718553}.Release|Any CPU.Build.0 = Release|Any CPU
		{3B43308B-7E78-4A29-BCD5-C33719718553}.Release|x64.ActiveCfg = Release|Any CPU
		{3B43308B-7E78-4A29-BCD5-C33719718553}.Release|x64.Build.0 = Release|Any CPU
		{3B43308B-7E78-4A29-BCD5-C33719718553}.Release|x86.ActiveCfg = Release|Any CPU
		{3B43308B-7E78-4A29-BCD5-C33719718553}.Release|x86.Build.0 = Release|Any CPU
		{CAD8CC12-0320-4E05-8113-2CDB49776F56}.Debug|Any CPU.ActiveCfg = Debug|Any CPU
		{CAD8CC12-0320-4E05-8113-2CDB49776F56}.Debug|Any CPU.Build.0 = Debug|Any CPU
		{CAD8CC12-0320-4E05-8113-2CDB49776F56}.Debug|x64.ActiveCfg = Debug|Any CPU
		{CAD8CC12-0320-4E05-8113-2CDB49776F56}.Debug|x64.Build.0 = Debug|Any CPU
		{CAD8CC12-0320-4E05-8113-2CDB49776F56}.Debug|x86.ActiveCfg = Debug|Any CPU
		{CAD8CC12-0320-4E05-8113-2CDB49776F56}.Debug|x86.Build.0 = Debug|Any CPU
		{CAD8CC12-0320-4E05-8113-2CDB49776F56}.Release|Any CPU.ActiveCfg = Release|Any CPU
		{CAD8CC12-0320-4E05-8113-2CDB49776F56}.Release|Any CPU.Build.0 = Release|Any CPU
		{CAD8CC12-0320-4E05-8113-2CDB49776F56}.Release|x64.ActiveCfg = Release|Any CPU
		{CAD8CC12-0320-4E05-8113-2CDB49776F56}.Release|x64.Build.0 = Release|Any CPU
		{CAD8CC12-0320-4E05-8113-2CDB49776F56}.Release|x86.ActiveCfg = Release|Any CPU
		{CAD8CC12-0320-4E05-8113-2CDB49776F56}.Release|x86.Build.0 = Release|Any CPU
		{0EDD0B9F-9E54-4224-8FF4-FF712BA87AF2}.Debug|Any CPU.ActiveCfg = Debug|Any CPU
		{0EDD0B9F-9E54-4224-8FF4-FF712BA87AF2}.Debug|Any CPU.Build.0 = Debug|Any CPU
		{0EDD0B9F-9E54-4224-8FF4-FF712BA87AF2}.Debug|x64.ActiveCfg = Debug|Any CPU
		{0EDD0B9F-9E54-4224-8FF4-FF712BA87AF2}.Debug|x64.Build.0 = Debug|Any CPU
		{0EDD0B9F-9E54-4224-8FF4-FF712BA87AF2}.Debug|x86.ActiveCfg = Debug|Any CPU
		{0EDD0B9F-9E54-4224-8FF4-FF712BA87AF2}.Debug|x86.Build.0 = Debug|Any CPU
		{0EDD0B9F-9E54-4224-8FF4-FF712BA87AF2}.Release|Any CPU.ActiveCfg = Release|Any CPU
		{0EDD0B9F-9E54-4224-8FF4-FF712BA87AF2}.Release|Any CPU.Build.0 = Release|Any CPU
		{0EDD0B9F-9E54-4224-8FF4-FF712BA87AF2}.Release|x64.ActiveCfg = Release|Any CPU
		{0EDD0B9F-9E54-4224-8FF4-FF712BA87AF2}.Release|x64.Build.0 = Release|Any CPU
		{0EDD0B9F-9E54-4224-8FF4-FF712BA87AF2}.Release|x86.ActiveCfg = Release|Any CPU
		{0EDD0B9F-9E54-4224-8FF4-FF712BA87AF2}.Release|x86.Build.0 = Release|Any CPU
		{53BF4716-90B3-479D-A7B7-22F6E1C7F91B}.Debug|Any CPU.ActiveCfg = Debug|Any CPU
		{53BF4716-90B3-479D-A7B7-22F6E1C7F91B}.Debug|Any CPU.Build.0 = Debug|Any CPU
		{53BF4716-90B3-479D-A7B7-22F6E1C7F91B}.Debug|x64.ActiveCfg = Debug|Any CPU
		{53BF4716-90B3-479D-A7B7-22F6E1C7F91B}.Debug|x64.Build.0 = Debug|Any CPU
		{53BF4716-90B3-479D-A7B7-22F6E1C7F91B}.Debug|x86.ActiveCfg = Debug|Any CPU
		{53BF4716-90B3-479D-A7B7-22F6E1C7F91B}.Debug|x86.Build.0 = Debug|Any CPU
		{53BF4716-90B3-479D-A7B7-22F6E1C7F91B}.Release|Any CPU.ActiveCfg = Release|Any CPU
		{53BF4716-90B3-479D-A7B7-22F6E1C7F91B}.Release|Any CPU.Build.0 = Release|Any CPU
		{53BF4716-90B3-479D-A7B7-22F6E1C7F91B}.Release|x64.ActiveCfg = Release|Any CPU
		{53BF4716-90B3-479D-A7B7-22F6E1C7F91B}.Release|x64.Build.0 = Release|Any CPU
		{53BF4716-90B3-479D-A7B7-22F6E1C7F91B}.Release|x86.ActiveCfg = Release|Any CPU
		{53BF4716-90B3-479D-A7B7-22F6E1C7F91B}.Release|x86.Build.0 = Release|Any CPU
		{963B37E9-E186-4C10-9839-0D3EF447DE33}.Debug|Any CPU.ActiveCfg = Debug|Any CPU
		{963B37E9-E186-4C10-9839-0D3EF447DE33}.Debug|Any CPU.Build.0 = Debug|Any CPU
		{963B37E9-E186-4C10-9839-0D3EF447DE33}.Debug|x64.ActiveCfg = Debug|Any CPU
		{963B37E9-E186-4C10-9839-0D3EF447DE33}.Debug|x64.Build.0 = Debug|Any CPU
		{963B37E9-E186-4C10-9839-0D3EF447DE33}.Debug|x86.ActiveCfg = Debug|Any CPU
		{963B37E9-E186-4C10-9839-0D3EF447DE33}.Debug|x86.Build.0 = Debug|Any CPU
		{963B37E9-E186-4C10-9839-0D3EF447DE33}.Release|Any CPU.ActiveCfg = Release|Any CPU
		{963B37E9-E186-4C10-9839-0D3EF447DE33}.Release|Any CPU.Build.0 = Release|Any CPU
		{963B37E9-E186-4C10-9839-0D3EF447DE33}.Release|x64.ActiveCfg = Release|Any CPU
		{963B37E9-E186-4C10-9839-0D3EF447DE33}.Release|x64.Build.0 = Release|Any CPU
		{963B37E9-E186-4C10-9839-0D3EF447DE33}.Release|x86.ActiveCfg = Release|Any CPU
		{963B37E9-E186-4C10-9839-0D3EF447DE33}.Release|x86.Build.0 = Release|Any CPU
		{CD6E202C-016D-4FD5-90C9-C8199CB93F95}.Debug|Any CPU.ActiveCfg = Debug|Any CPU
		{CD6E202C-016D-4FD5-90C9-C8199CB93F95}.Debug|Any CPU.Build.0 = Debug|Any CPU
		{CD6E202C-016D-4FD5-90C9-C8199CB93F95}.Debug|x64.ActiveCfg = Debug|Any CPU
		{CD6E202C-016D-4FD5-90C9-C8199CB93F95}.Debug|x64.Build.0 = Debug|Any CPU
		{CD6E202C-016D-4FD5-90C9-C8199CB93F95}.Debug|x86.ActiveCfg = Debug|Any CPU
		{CD6E202C-016D-4FD5-90C9-C8199CB93F95}.Debug|x86.Build.0 = Debug|Any CPU
		{CD6E202C-016D-4FD5-90C9-C8199CB93F95}.Release|Any CPU.ActiveCfg = Release|Any CPU
		{CD6E202C-016D-4FD5-90C9-C8199CB93F95}.Release|Any CPU.Build.0 = Release|Any CPU
		{CD6E202C-016D-4FD5-90C9-C8199CB93F95}.Release|x64.ActiveCfg = Release|Any CPU
		{CD6E202C-016D-4FD5-90C9-C8199CB93F95}.Release|x64.Build.0 = Release|Any CPU
		{CD6E202C-016D-4FD5-90C9-C8199CB93F95}.Release|x86.ActiveCfg = Release|Any CPU
		{CD6E202C-016D-4FD5-90C9-C8199CB93F95}.Release|x86.Build.0 = Release|Any CPU
		{C4DE28E7-6FF8-40F7-9FEF-D343ECEE2F5F}.Debug|Any CPU.ActiveCfg = Debug|Any CPU
		{C4DE28E7-6FF8-40F7-9FEF-D343ECEE2F5F}.Debug|Any CPU.Build.0 = Debug|Any CPU
		{C4DE28E7-6FF8-40F7-9FEF-D343ECEE2F5F}.Debug|x64.ActiveCfg = Debug|Any CPU
		{C4DE28E7-6FF8-40F7-9FEF-D343ECEE2F5F}.Debug|x64.Build.0 = Debug|Any CPU
		{C4DE28E7-6FF8-40F7-9FEF-D343ECEE2F5F}.Debug|x86.ActiveCfg = Debug|Any CPU
		{C4DE28E7-6FF8-40F7-9FEF-D343ECEE2F5F}.Debug|x86.Build.0 = Debug|Any CPU
		{C4DE28E7-6FF8-40F7-9FEF-D343ECEE2F5F}.Release|Any CPU.ActiveCfg = Release|Any CPU
		{C4DE28E7-6FF8-40F7-9FEF-D343ECEE2F5F}.Release|Any CPU.Build.0 = Release|Any CPU
		{C4DE28E7-6FF8-40F7-9FEF-D343ECEE2F5F}.Release|x64.ActiveCfg = Release|Any CPU
		{C4DE28E7-6FF8-40F7-9FEF-D343ECEE2F5F}.Release|x64.Build.0 = Release|Any CPU
		{C4DE28E7-6FF8-40F7-9FEF-D343ECEE2F5F}.Release|x86.ActiveCfg = Release|Any CPU
		{C4DE28E7-6FF8-40F7-9FEF-D343ECEE2F5F}.Release|x86.Build.0 = Release|Any CPU
		{E767BA22-D05D-4A22-97E9-5E7F9CC3D6A2}.Debug|Any CPU.ActiveCfg = Debug|Any CPU
		{E767BA22-D05D-4A22-97E9-5E7F9CC3D6A2}.Debug|Any CPU.Build.0 = Debug|Any CPU
		{E767BA22-D05D-4A22-97E9-5E7F9CC3D6A2}.Debug|x64.ActiveCfg = Debug|Any CPU
		{E767BA22-D05D-4A22-97E9-5E7F9CC3D6A2}.Debug|x64.Build.0 = Debug|Any CPU
		{E767BA22-D05D-4A22-97E9-5E7F9CC3D6A2}.Debug|x86.ActiveCfg = Debug|Any CPU
		{E767BA22-D05D-4A22-97E9-5E7F9CC3D6A2}.Debug|x86.Build.0 = Debug|Any CPU
		{E767BA22-D05D-4A22-97E9-5E7F9CC3D6A2}.Release|Any CPU.ActiveCfg = Release|Any CPU
		{E767BA22-D05D-4A22-97E9-5E7F9CC3D6A2}.Release|Any CPU.Build.0 = Release|Any CPU
		{E767BA22-D05D-4A22-97E9-5E7F9CC3D6A2}.Release|x64.ActiveCfg = Release|Any CPU
		{E767BA22-D05D-4A22-97E9-5E7F9CC3D6A2}.Release|x64.Build.0 = Release|Any CPU
		{E767BA22-D05D-4A22-97E9-5E7F9CC3D6A2}.Release|x86.ActiveCfg = Release|Any CPU
		{E767BA22-D05D-4A22-97E9-5E7F9CC3D6A2}.Release|x86.Build.0 = Release|Any CPU
		{6FD14562-08B8-4861-ADC1-FDF11C0694A2}.Debug|Any CPU.ActiveCfg = Debug|Any CPU
		{6FD14562-08B8-4861-ADC1-FDF11C0694A2}.Debug|Any CPU.Build.0 = Debug|Any CPU
		{6FD14562-08B8-4861-ADC1-FDF11C0694A2}.Debug|x64.ActiveCfg = Debug|Any CPU
		{6FD14562-08B8-4861-ADC1-FDF11C0694A2}.Debug|x64.Build.0 = Debug|Any CPU
		{6FD14562-08B8-4861-ADC1-FDF11C0694A2}.Debug|x86.ActiveCfg = Debug|Any CPU
		{6FD14562-08B8-4861-ADC1-FDF11C0694A2}.Debug|x86.Build.0 = Debug|Any CPU
		{6FD14562-08B8-4861-ADC1-FDF11C0694A2}.Release|Any CPU.ActiveCfg = Release|Any CPU
		{6FD14562-08B8-4861-ADC1-FDF11C0694A2}.Release|Any CPU.Build.0 = Release|Any CPU
		{6FD14562-08B8-4861-ADC1-FDF11C0694A2}.Release|x64.ActiveCfg = Release|Any CPU
		{6FD14562-08B8-4861-ADC1-FDF11C0694A2}.Release|x64.Build.0 = Release|Any CPU
		{6FD14562-08B8-4861-ADC1-FDF11C0694A2}.Release|x86.ActiveCfg = Release|Any CPU
		{6FD14562-08B8-4861-ADC1-FDF11C0694A2}.Release|x86.Build.0 = Release|Any CPU
		{29D1AB35-B4C6-4655-A3F2-57CE30C56BE3}.Debug|Any CPU.ActiveCfg = Debug|Any CPU
		{29D1AB35-B4C6-4655-A3F2-57CE30C56BE3}.Debug|Any CPU.Build.0 = Debug|Any CPU
		{29D1AB35-B4C6-4655-A3F2-57CE30C56BE3}.Debug|x64.ActiveCfg = Debug|Any CPU
		{29D1AB35-B4C6-4655-A3F2-57CE30C56BE3}.Debug|x64.Build.0 = Debug|Any CPU
		{29D1AB35-B4C6-4655-A3F2-57CE30C56BE3}.Debug|x86.ActiveCfg = Debug|Any CPU
		{29D1AB35-B4C6-4655-A3F2-57CE30C56BE3}.Debug|x86.Build.0 = Debug|Any CPU
		{29D1AB35-B4C6-4655-A3F2-57CE30C56BE3}.Release|Any CPU.ActiveCfg = Release|Any CPU
		{29D1AB35-B4C6-4655-A3F2-57CE30C56BE3}.Release|Any CPU.Build.0 = Release|Any CPU
		{29D1AB35-B4C6-4655-A3F2-57CE30C56BE3}.Release|x64.ActiveCfg = Release|Any CPU
		{29D1AB35-B4C6-4655-A3F2-57CE30C56BE3}.Release|x64.Build.0 = Release|Any CPU
		{29D1AB35-B4C6-4655-A3F2-57CE30C56BE3}.Release|x86.ActiveCfg = Release|Any CPU
		{29D1AB35-B4C6-4655-A3F2-57CE30C56BE3}.Release|x86.Build.0 = Release|Any CPU
		{E894ED9A-52F2-41DA-8944-40E382369FD5}.Debug|Any CPU.ActiveCfg = Debug|Any CPU
		{E894ED9A-52F2-41DA-8944-40E382369FD5}.Debug|Any CPU.Build.0 = Debug|Any CPU
		{E894ED9A-52F2-41DA-8944-40E382369FD5}.Debug|x64.ActiveCfg = Debug|Any CPU
		{E894ED9A-52F2-41DA-8944-40E382369FD5}.Debug|x64.Build.0 = Debug|Any CPU
		{E894ED9A-52F2-41DA-8944-40E382369FD5}.Debug|x86.ActiveCfg = Debug|Any CPU
		{E894ED9A-52F2-41DA-8944-40E382369FD5}.Debug|x86.Build.0 = Debug|Any CPU
		{E894ED9A-52F2-41DA-8944-40E382369FD5}.Release|Any CPU.ActiveCfg = Release|Any CPU
		{E894ED9A-52F2-41DA-8944-40E382369FD5}.Release|Any CPU.Build.0 = Release|Any CPU
		{E894ED9A-52F2-41DA-8944-40E382369FD5}.Release|x64.ActiveCfg = Release|Any CPU
		{E894ED9A-52F2-41DA-8944-40E382369FD5}.Release|x64.Build.0 = Release|Any CPU
		{E894ED9A-52F2-41DA-8944-40E382369FD5}.Release|x86.ActiveCfg = Release|Any CPU
		{E894ED9A-52F2-41DA-8944-40E382369FD5}.Release|x86.Build.0 = Release|Any CPU
		{EF84FB1C-6DC0-4AD6-9A49-D9919678056B}.Debug|Any CPU.ActiveCfg = Debug|Any CPU
		{EF84FB1C-6DC0-4AD6-9A49-D9919678056B}.Debug|Any CPU.Build.0 = Debug|Any CPU
		{EF84FB1C-6DC0-4AD6-9A49-D9919678056B}.Debug|x64.ActiveCfg = Debug|Any CPU
		{EF84FB1C-6DC0-4AD6-9A49-D9919678056B}.Debug|x64.Build.0 = Debug|Any CPU
		{EF84FB1C-6DC0-4AD6-9A49-D9919678056B}.Debug|x86.ActiveCfg = Debug|Any CPU
		{EF84FB1C-6DC0-4AD6-9A49-D9919678056B}.Debug|x86.Build.0 = Debug|Any CPU
		{EF84FB1C-6DC0-4AD6-9A49-D9919678056B}.Release|Any CPU.ActiveCfg = Release|Any CPU
		{EF84FB1C-6DC0-4AD6-9A49-D9919678056B}.Release|Any CPU.Build.0 = Release|Any CPU
		{EF84FB1C-6DC0-4AD6-9A49-D9919678056B}.Release|x64.ActiveCfg = Release|Any CPU
		{EF84FB1C-6DC0-4AD6-9A49-D9919678056B}.Release|x64.Build.0 = Release|Any CPU
		{EF84FB1C-6DC0-4AD6-9A49-D9919678056B}.Release|x86.ActiveCfg = Release|Any CPU
		{EF84FB1C-6DC0-4AD6-9A49-D9919678056B}.Release|x86.Build.0 = Release|Any CPU
		{E319681A-F9FF-4E1D-B37C-2490D6D929F7}.Debug|Any CPU.ActiveCfg = Debug|Any CPU
		{E319681A-F9FF-4E1D-B37C-2490D6D929F7}.Debug|Any CPU.Build.0 = Debug|Any CPU
		{E319681A-F9FF-4E1D-B37C-2490D6D929F7}.Debug|x64.ActiveCfg = Debug|Any CPU
		{E319681A-F9FF-4E1D-B37C-2490D6D929F7}.Debug|x64.Build.0 = Debug|Any CPU
		{E319681A-F9FF-4E1D-B37C-2490D6D929F7}.Debug|x86.ActiveCfg = Debug|Any CPU
		{E319681A-F9FF-4E1D-B37C-2490D6D929F7}.Debug|x86.Build.0 = Debug|Any CPU
		{E319681A-F9FF-4E1D-B37C-2490D6D929F7}.Release|Any CPU.ActiveCfg = Release|Any CPU
		{E319681A-F9FF-4E1D-B37C-2490D6D929F7}.Release|Any CPU.Build.0 = Release|Any CPU
		{E319681A-F9FF-4E1D-B37C-2490D6D929F7}.Release|x64.ActiveCfg = Release|Any CPU
		{E319681A-F9FF-4E1D-B37C-2490D6D929F7}.Release|x64.Build.0 = Release|Any CPU
		{E319681A-F9FF-4E1D-B37C-2490D6D929F7}.Release|x86.ActiveCfg = Release|Any CPU
		{E319681A-F9FF-4E1D-B37C-2490D6D929F7}.Release|x86.Build.0 = Release|Any CPU
		{EAEE30E1-B819-4BCC-809E-E378095A559E}.Debug|Any CPU.ActiveCfg = Debug|Any CPU
		{EAEE30E1-B819-4BCC-809E-E378095A559E}.Debug|Any CPU.Build.0 = Debug|Any CPU
		{EAEE30E1-B819-4BCC-809E-E378095A559E}.Debug|x64.ActiveCfg = Debug|Any CPU
		{EAEE30E1-B819-4BCC-809E-E378095A559E}.Debug|x64.Build.0 = Debug|Any CPU
		{EAEE30E1-B819-4BCC-809E-E378095A559E}.Debug|x86.ActiveCfg = Debug|Any CPU
		{EAEE30E1-B819-4BCC-809E-E378095A559E}.Debug|x86.Build.0 = Debug|Any CPU
		{EAEE30E1-B819-4BCC-809E-E378095A559E}.Release|Any CPU.ActiveCfg = Release|Any CPU
		{EAEE30E1-B819-4BCC-809E-E378095A559E}.Release|Any CPU.Build.0 = Release|Any CPU
		{EAEE30E1-B819-4BCC-809E-E378095A559E}.Release|x64.ActiveCfg = Release|Any CPU
		{EAEE30E1-B819-4BCC-809E-E378095A559E}.Release|x64.Build.0 = Release|Any CPU
		{EAEE30E1-B819-4BCC-809E-E378095A559E}.Release|x86.ActiveCfg = Release|Any CPU
		{EAEE30E1-B819-4BCC-809E-E378095A559E}.Release|x86.Build.0 = Release|Any CPU
		{81420367-7725-40F0-A6B9-F9ED031E073E}.Debug|Any CPU.ActiveCfg = Debug|Any CPU
		{81420367-7725-40F0-A6B9-F9ED031E073E}.Debug|Any CPU.Build.0 = Debug|Any CPU
		{81420367-7725-40F0-A6B9-F9ED031E073E}.Debug|x64.ActiveCfg = Debug|Any CPU
		{81420367-7725-40F0-A6B9-F9ED031E073E}.Debug|x64.Build.0 = Debug|Any CPU
		{81420367-7725-40F0-A6B9-F9ED031E073E}.Debug|x86.ActiveCfg = Debug|Any CPU
		{81420367-7725-40F0-A6B9-F9ED031E073E}.Debug|x86.Build.0 = Debug|Any CPU
		{81420367-7725-40F0-A6B9-F9ED031E073E}.Release|Any CPU.ActiveCfg = Release|Any CPU
		{81420367-7725-40F0-A6B9-F9ED031E073E}.Release|Any CPU.Build.0 = Release|Any CPU
		{81420367-7725-40F0-A6B9-F9ED031E073E}.Release|x64.ActiveCfg = Release|Any CPU
		{81420367-7725-40F0-A6B9-F9ED031E073E}.Release|x64.Build.0 = Release|Any CPU
		{81420367-7725-40F0-A6B9-F9ED031E073E}.Release|x86.ActiveCfg = Release|Any CPU
		{81420367-7725-40F0-A6B9-F9ED031E073E}.Release|x86.Build.0 = Release|Any CPU
		{461B84DA-8C67-4EDF-B60B-06B23767CF2A}.Debug|Any CPU.ActiveCfg = Debug|Any CPU
		{461B84DA-8C67-4EDF-B60B-06B23767CF2A}.Debug|Any CPU.Build.0 = Debug|Any CPU
		{461B84DA-8C67-4EDF-B60B-06B23767CF2A}.Debug|x64.ActiveCfg = Debug|Any CPU
		{461B84DA-8C67-4EDF-B60B-06B23767CF2A}.Debug|x64.Build.0 = Debug|Any CPU
		{461B84DA-8C67-4EDF-B60B-06B23767CF2A}.Debug|x86.ActiveCfg = Debug|Any CPU
		{461B84DA-8C67-4EDF-B60B-06B23767CF2A}.Debug|x86.Build.0 = Debug|Any CPU
		{461B84DA-8C67-4EDF-B60B-06B23767CF2A}.Release|Any CPU.ActiveCfg = Release|Any CPU
		{461B84DA-8C67-4EDF-B60B-06B23767CF2A}.Release|Any CPU.Build.0 = Release|Any CPU
		{461B84DA-8C67-4EDF-B60B-06B23767CF2A}.Release|x64.ActiveCfg = Release|Any CPU
		{461B84DA-8C67-4EDF-B60B-06B23767CF2A}.Release|x64.Build.0 = Release|Any CPU
		{461B84DA-8C67-4EDF-B60B-06B23767CF2A}.Release|x86.ActiveCfg = Release|Any CPU
		{461B84DA-8C67-4EDF-B60B-06B23767CF2A}.Release|x86.Build.0 = Release|Any CPU
	EndGlobalSection
	GlobalSection(SolutionProperties) = preSolution
		HideSolutionNode = FALSE
	EndGlobalSection
	GlobalSection(NestedProjects) = preSolution
		{3B43308B-7E78-4A29-BCD5-C33719718553} = {827E0CD3-B72D-47B6-A68D-7590B98EB39B}
		{CAD8CC12-0320-4E05-8113-2CDB49776F56} = {827E0CD3-B72D-47B6-A68D-7590B98EB39B}
		{0EDD0B9F-9E54-4224-8FF4-FF712BA87AF2} = {827E0CD3-B72D-47B6-A68D-7590B98EB39B}
		{53BF4716-90B3-479D-A7B7-22F6E1C7F91B} = {827E0CD3-B72D-47B6-A68D-7590B98EB39B}
		{963B37E9-E186-4C10-9839-0D3EF447DE33} = {827E0CD3-B72D-47B6-A68D-7590B98EB39B}
		{CD6E202C-016D-4FD5-90C9-C8199CB93F95} = {827E0CD3-B72D-47B6-A68D-7590B98EB39B}
		{C4DE28E7-6FF8-40F7-9FEF-D343ECEE2F5F} = {827E0CD3-B72D-47B6-A68D-7590B98EB39B}
		{E767BA22-D05D-4A22-97E9-5E7F9CC3D6A2} = {827E0CD3-B72D-47B6-A68D-7590B98EB39B}
		{6FD14562-08B8-4861-ADC1-FDF11C0694A2} = {827E0CD3-B72D-47B6-A68D-7590B98EB39B}
		{29D1AB35-B4C6-4655-A3F2-57CE30C56BE3} = {827E0CD3-B72D-47B6-A68D-7590B98EB39B}
		{E894ED9A-52F2-41DA-8944-40E382369FD5} = {827E0CD3-B72D-47B6-A68D-7590B98EB39B}
		{EF84FB1C-6DC0-4AD6-9A49-D9919678056B} = {827E0CD3-B72D-47B6-A68D-7590B98EB39B}
		{E319681A-F9FF-4E1D-B37C-2490D6D929F7} = {827E0CD3-B72D-47B6-A68D-7590B98EB39B}
		{EAEE30E1-B819-4BCC-809E-E378095A559E} = {827E0CD3-B72D-47B6-A68D-7590B98EB39B}
		{81420367-7725-40F0-A6B9-F9ED031E073E} = {827E0CD3-B72D-47B6-A68D-7590B98EB39B}
		{461B84DA-8C67-4EDF-B60B-06B23767CF2A} = {827E0CD3-B72D-47B6-A68D-7590B98EB39B}
	EndGlobalSection
EndGlobal
